
Microsoft Visual Studio Solution File, Format Version 12.00
# Visual Studio Version 16
VisualStudioVersion = 16.0.30114.105
MinimumVisualStudioVersion = 10.0.40219.1
Project("{FAE04EC0-301F-11D3-BF4B-00C04F79EFBC}") = "API", "API\API.csproj", "{4EF5BF80-5C22-4885-A8E0-231C301365F3}"
EndProject
Project("{FAE04EC0-301F-11D3-BF4B-00C04F79EFBC}") = "Domain", "Domain\Domain.csproj", "{534EA8A6-B1E1-4564-ABD5-8300F8CDC362}"
EndProject
Project("{FAE04EC0-301F-11D3-BF4B-00C04F79EFBC}") = "Application", "Application\Application.csproj", "{24DF4AC9-0357-48B5-A476-8EF52B2763A6}"
EndProject
Project("{FAE04EC0-301F-11D3-BF4B-00C04F79EFBC}") = "Persistence", "Persistence\Persistence.csproj", "{3642EE18-3CF2-4C6B-ABBA-5C4FDE5C093B}"
EndProject
Global
	GlobalSection(SolutionConfigurationPlatforms) = preSolution
		Debug|Any CPU = Debug|Any CPU
		Debug|x64 = Debug|x64
		Debug|x86 = Debug|x86
		Release|Any CPU = Release|Any CPU
		Release|x64 = Release|x64
		Release|x86 = Release|x86
	EndGlobalSection
	GlobalSection(SolutionProperties) = preSolution
		HideSolutionNode = FALSE
	EndGlobalSection
	GlobalSection(ProjectConfigurationPlatforms) = postSolution
		{4EF5BF80-5C22-4885-A8E0-231C301365F3}.Debug|Any CPU.ActiveCfg = Debug|Any CPU
		{4EF5BF80-5C22-4885-A8E0-231C301365F3}.Debug|Any CPU.Build.0 = Debug|Any CPU
		{4EF5BF80-5C22-4885-A8E0-231C301365F3}.Debug|x64.ActiveCfg = Debug|Any CPU
		{4EF5BF80-5C22-4885-A8E0-231C301365F3}.Debug|x64.Build.0 = Debug|Any CPU
		{4EF5BF80-5C22-4885-A8E0-231C301365F3}.Debug|x86.ActiveCfg = Debug|Any CPU
		{4EF5BF80-5C22-4885-A8E0-231C301365F3}.Debug|x86.Build.0 = Debug|Any CPU
		{4EF5BF80-5C22-4885-A8E0-231C301365F3}.Release|Any CPU.ActiveCfg = Release|Any CPU
		{4EF5BF80-5C22-4885-A8E0-231C301365F3}.Release|Any CPU.Build.0 = Release|Any CPU
		{4EF5BF80-5C22-4885-A8E0-231C301365F3}.Release|x64.ActiveCfg = Release|Any CPU
		{4EF5BF80-5C22-4885-A8E0-231C301365F3}.Release|x64.Build.0 = Release|Any CPU
		{4EF5BF80-5C22-4885-A8E0-231C301365F3}.Release|x86.ActiveCfg = Release|Any CPU
		{4EF5BF80-5C22-4885-A8E0-231C301365F3}.Release|x86.Build.0 = Release|Any CPU
		{534EA8A6-B1E1-4564-ABD5-8300F8CDC362}.Debug|Any CPU.ActiveCfg = Debug|Any CPU
		{534EA8A6-B1E1-4564-ABD5-8300F8CDC362}.Debug|Any CPU.Build.0 = Debug|Any CPU
		{534EA8A6-B1E1-4564-ABD5-8300F8CDC362}.Debug|x64.ActiveCfg = Debug|Any CPU
		{534EA8A6-B1E1-4564-ABD5-8300F8CDC362}.Debug|x64.Build.0 = Debug|Any CPU
		{534EA8A6-B1E1-4564-ABD5-8300F8CDC362}.Debug|x86.ActiveCfg = Debug|Any CPU
		{534EA8A6-B1E1-4564-ABD5-8300F8CDC362}.Debug|x86.Build.0 = Debug|Any CPU
		{534EA8A6-B1E1-4564-ABD5-8300F8CDC362}.Release|Any CPU.ActiveCfg = Release|Any CPU
		{534EA8A6-B1E1-4564-ABD5-8300F8CDC362}.Release|Any CPU.Build.0 = Release|Any CPU
		{534EA8A6-B1E1-4564-ABD5-8300F8CDC362}.Release|x64.ActiveCfg = Release|Any CPU
		{534EA8A6-B1E1-4564-ABD5-8300F8CDC362}.Release|x64.Build.0 = Release|Any CPU
		{534EA8A6-B1E1-4564-ABD5-8300F8CDC362}.Release|x86.ActiveCfg = Release|Any CPU
		{534EA8A6-B1E1-4564-ABD5-8300F8CDC362}.Release|x86.Build.0 = Release|Any CPU
		{24DF4AC9-0357-48B5-A476-8EF52B2763A6}.Debug|Any CPU.ActiveCfg = Debug|Any CPU
		{24DF4AC9-0357-48B5-A476-8EF52B2763A6}.Debug|Any CPU.Build.0 = Debug|Any CPU
		{24DF4AC9-0357-48B5-A476-8EF52B2763A6}.Debug|x64.ActiveCfg = Debug|Any CPU
		{24DF4AC9-0357-48B5-A476-8EF52B2763A6}.Debug|x64.Build.0 = Debug|Any CPU
		{24DF4AC9-0357-48B5-A476-8EF52B2763A6}.Debug|x86.ActiveCfg = Debug|Any CPU
		{24DF4AC9-0357-48B5-A476-8EF52B2763A6}.Debug|x86.Build.0 = Debug|Any CPU
		{24DF4AC9-0357-48B5-A476-8EF52B2763A6}.Release|Any CPU.ActiveCfg = Release|Any CPU
		{24DF4AC9-0357-48B5-A476-8EF52B2763A6}.Release|Any CPU.Build.0 = Release|Any CPU
		{24DF4AC9-0357-48B5-A476-8EF52B2763A6}.Release|x64.ActiveCfg = Release|Any CPU
		{24DF4AC9-0357-48B5-A476-8EF52B2763A6}.Release|x64.Build.0 = Release|Any CPU
		{24DF4AC9-0357-48B5-A476-8EF52B2763A6}.Release|x86.ActiveCfg = Release|Any CPU
		{24DF4AC9-0357-48B5-A476-8EF52B2763A6}.Release|x86.Build.0 = Release|Any CPU
		{3642EE18-3CF2-4C6B-ABBA-5C4FDE5C093B}.Debug|Any CPU.ActiveCfg = Debug|Any CPU
		{3642EE18-3CF2-4C6B-ABBA-5C4FDE5C093B}.Debug|Any CPU.Build.0 = Debug|Any CPU
		{3642EE18-3CF2-4C6B-ABBA-5C4FDE5C093B}.Debug|x64.ActiveCfg = Debug|Any CPU
		{3642EE18-3CF2-4C6B-ABBA-5C4FDE5C093B}.Debug|x64.Build.0 = Debug|Any CPU
		{3642EE18-3CF2-4C6B-ABBA-5C4FDE5C093B}.Debug|x86.ActiveCfg = Debug|Any CPU
		{3642EE18-3CF2-4C6B-ABBA-5C4FDE5C093B}.Debug|x86.Build.0 = Debug|Any CPU
		{3642EE18-3CF2-4C6B-ABBA-5C4FDE5C093B}.Release|Any CPU.ActiveCfg = Release|Any CPU
		{3642EE18-3CF2-4C6B-ABBA-5C4FDE5C093B}.Release|Any CPU.Build.0 = Release|Any CPU
		{3642EE18-3CF2-4C6B-ABBA-5C4FDE5C093B}.Release|x64.ActiveCfg = Release|Any CPU
		{3642EE18-3CF2-4C6B-ABBA-5C4FDE5C093B}.Release|x64.Build.0 = Release|Any CPU
		{3642EE18-3CF2-4C6B-ABBA-5C4FDE5C093B}.Release|x86.ActiveCfg = Release|Any CPU
		{3642EE18-3CF2-4C6B-ABBA-5C4FDE5C093B}.Release|x86.Build.0 = Release|Any CPU
	EndGlobalSection
EndGlobal
